
Microsoft Visual Studio Solution File, Format Version 12.00
# Visual Studio Version 17
VisualStudioVersion = 17.0.31903.59
MinimumVisualStudioVersion = 10.0.40219.1
Project("{FAE04EC0-301F-11D3-BF4B-00C04F79EFBC}") = "HelloMauiVisualStudioCode", "HelloMauiVisualStudioCode\HelloMauiVisualStudioCode.csproj", "{D5F812B7-CAF6-4D75-9E41-1C489B14A4FB}"
EndProject
Project("{FAE04EC0-301F-11D3-BF4B-00C04F79EFBC}") = "HelloMauiNotificationServiceExtension", "HelloMauiNotificationServiceExtension\HelloMauiNotificationServiceExtension.csproj", "{5BC2AA27-2505-46E5-B2E9-7A90B99FFA0D}"
EndProject
Global
	GlobalSection(SolutionConfigurationPlatforms) = preSolution
		Debug|Any CPU = Debug|Any CPU
		Release|Any CPU = Release|Any CPU
	EndGlobalSection
	GlobalSection(ProjectConfigurationPlatforms) = postSolution
		{D5F812B7-CAF6-4D75-9E41-1C489B14A4FB}.Debug|Any CPU.ActiveCfg = Debug|Any CPU
		{D5F812B7-CAF6-4D75-9E41-1C489B14A4FB}.Debug|Any CPU.Build.0 = Debug|Any CPU
		{D5F812B7-CAF6-4D75-9E41-1C489B14A4FB}.Release|Any CPU.ActiveCfg = Release|Any CPU
		{D5F812B7-CAF6-4D75-9E41-1C489B14A4FB}.Release|Any CPU.Build.0 = Release|Any CPU
		{5BC2AA27-2505-46E5-B2E9-7A90B99FFA0D}.Debug|Any CPU.ActiveCfg = Debug|Any CPU
		{5BC2AA27-2505-46E5-B2E9-7A90B99FFA0D}.Debug|Any CPU.Build.0 = Debug|Any CPU
		{5BC2AA27-2505-46E5-B2E9-7A90B99FFA0D}.Release|Any CPU.ActiveCfg = Release|Any CPU
		{5BC2AA27-2505-46E5-B2E9-7A90B99FFA0D}.Release|Any CPU.Build.0 = Release|Any CPU
	EndGlobalSection
	GlobalSection(SolutionProperties) = preSolution
		HideSolutionNode = FALSE
	EndGlobalSection
EndGlobal
